
Microsoft Visual Studio Solution File, Format Version 12.00
# Visual Studio Version 17
VisualStudioVersion = 17.6.33815.320
MinimumVisualStudioVersion = 10.0.40219.1
Project("{9A19103F-16F7-4668-BE54-9A1E7A4F7556}") = "Scan2Go.Entity", "Scan2Go.Entity\Scan2Go.Entity.csproj", "{68C98D74-F409-42A4-BBEB-A2B5DC95CE2B}"
EndProject
Project("{9A19103F-16F7-4668-BE54-9A1E7A4F7556}") = "Scan2Go.BusinessLogic", "Scan2Go.BusinessLogic\Scan2Go.BusinessLogic.csproj", "{851F9B9C-D158-4AF8-9CBD-5B65F91EE9B9}"
EndProject
Project("{9A19103F-16F7-4668-BE54-9A1E7A4F7556}") = "Scan2Go.DataLayer", "Scan2Go.DataLayer\Scan2Go.DataLayer.csproj", "{BD5A4523-3561-4AD9-96C9-06E72E6FBE47}"
EndProject
Project("{9A19103F-16F7-4668-BE54-9A1E7A4F7556}") = "Scan2Go.Enums", "Scan2Go.Enums\Scan2Go.Enums.csproj", "{FCAFC049-8AB0-4EB3-BD09-06F653A441BC}"
EndProject
Project("{9A19103F-16F7-4668-BE54-9A1E7A4F7556}") = "Scan2Go.Facade", "Scan2Go.Facade\Scan2Go.Facade.csproj", "{ABFD56E3-D5D2-4552-BDB2-A88C3D3F1624}"
EndProject
Project("{9A19103F-16F7-4668-BE54-9A1E7A4F7556}") = "Scan2Go.Mapper", "Scan2Go.Mapper\Scan2Go.Mapper.csproj", "{E1B0412E-DC50-4EDE-A50E-264DAB6D754B}"
EndProject
Project("{9A19103F-16F7-4668-BE54-9A1E7A4F7556}") = "Scan2Go.Api", "Scan2Go.Api\Scan2Go.Api.csproj", "{0DD013C8-DF23-458A-A628-7B731A8B968D}"
EndProject
Project("{FAE04EC0-301F-11D3-BF4B-00C04F79EFBC}") = "Scan2Go.UI", "Scan2Go.UI\Scan2Go.UI.csproj", "{46210531-6136-4CB5-A5B5-2C0F62CE66AD}"
EndProject
Global
	GlobalSection(SolutionConfigurationPlatforms) = preSolution
		Debug|Any CPU = Debug|Any CPU
		Release|Any CPU = Release|Any CPU
	EndGlobalSection
	GlobalSection(ProjectConfigurationPlatforms) = postSolution
		{68C98D74-F409-42A4-BBEB-A2B5DC95CE2B}.Debug|Any CPU.ActiveCfg = Debug|Any CPU
		{68C98D74-F409-42A4-BBEB-A2B5DC95CE2B}.Debug|Any CPU.Build.0 = Debug|Any CPU
		{68C98D74-F409-42A4-BBEB-A2B5DC95CE2B}.Release|Any CPU.ActiveCfg = Release|Any CPU
		{68C98D74-F409-42A4-BBEB-A2B5DC95CE2B}.Release|Any CPU.Build.0 = Release|Any CPU
		{851F9B9C-D158-4AF8-9CBD-5B65F91EE9B9}.Debug|Any CPU.ActiveCfg = Debug|Any CPU
		{851F9B9C-D158-4AF8-9CBD-5B65F91EE9B9}.Debug|Any CPU.Build.0 = Debug|Any CPU
		{851F9B9C-D158-4AF8-9CBD-5B65F91EE9B9}.Release|Any CPU.ActiveCfg = Release|Any CPU
		{851F9B9C-D158-4AF8-9CBD-5B65F91EE9B9}.Release|Any CPU.Build.0 = Release|Any CPU
		{BD5A4523-3561-4AD9-96C9-06E72E6FBE47}.Debug|Any CPU.ActiveCfg = Debug|Any CPU
		{BD5A4523-3561-4AD9-96C9-06E72E6FBE47}.Debug|Any CPU.Build.0 = Debug|Any CPU
		{BD5A4523-3561-4AD9-96C9-06E72E6FBE47}.Release|Any CPU.ActiveCfg = Release|Any CPU
		{BD5A4523-3561-4AD9-96C9-06E72E6FBE47}.Release|Any CPU.Build.0 = Release|Any CPU
		{FCAFC049-8AB0-4EB3-BD09-06F653A441BC}.Debug|Any CPU.ActiveCfg = Debug|Any CPU
		{FCAFC049-8AB0-4EB3-BD09-06F653A441BC}.Debug|Any CPU.Build.0 = Debug|Any CPU
		{FCAFC049-8AB0-4EB3-BD09-06F653A441BC}.Release|Any CPU.ActiveCfg = Release|Any CPU
		{FCAFC049-8AB0-4EB3-BD09-06F653A441BC}.Release|Any CPU.Build.0 = Release|Any CPU
		{ABFD56E3-D5D2-4552-BDB2-A88C3D3F1624}.Debug|Any CPU.ActiveCfg = Debug|Any CPU
		{ABFD56E3-D5D2-4552-BDB2-A88C3D3F1624}.Debug|Any CPU.Build.0 = Debug|Any CPU
		{ABFD56E3-D5D2-4552-BDB2-A88C3D3F1624}.Release|Any CPU.ActiveCfg = Release|Any CPU
		{ABFD56E3-D5D2-4552-BDB2-A88C3D3F1624}.Release|Any CPU.Build.0 = Release|Any CPU
		{E1B0412E-DC50-4EDE-A50E-264DAB6D754B}.Debug|Any CPU.ActiveCfg = Debug|Any CPU
		{E1B0412E-DC50-4EDE-A50E-264DAB6D754B}.Debug|Any CPU.Build.0 = Debug|Any CPU
		{E1B0412E-DC50-4EDE-A50E-264DAB6D754B}.Release|Any CPU.ActiveCfg = Release|Any CPU
		{E1B0412E-DC50-4EDE-A50E-264DAB6D754B}.Release|Any CPU.Build.0 = Release|Any CPU
		{0DD013C8-DF23-458A-A628-7B731A8B968D}.Debug|Any CPU.ActiveCfg = Debug|Any CPU
		{0DD013C8-DF23-458A-A628-7B731A8B968D}.Debug|Any CPU.Build.0 = Debug|Any CPU
		{0DD013C8-DF23-458A-A628-7B731A8B968D}.Release|Any CPU.ActiveCfg = Release|Any CPU
		{0DD013C8-DF23-458A-A628-7B731A8B968D}.Release|Any CPU.Build.0 = Release|Any CPU
		{46210531-6136-4CB5-A5B5-2C0F62CE66AD}.Debug|Any CPU.ActiveCfg = Debug|Any CPU
		{46210531-6136-4CB5-A5B5-2C0F62CE66AD}.Debug|Any CPU.Build.0 = Debug|Any CPU
		{46210531-6136-4CB5-A5B5-2C0F62CE66AD}.Release|Any CPU.ActiveCfg = Release|Any CPU
		{46210531-6136-4CB5-A5B5-2C0F62CE66AD}.Release|Any CPU.Build.0 = Release|Any CPU
	EndGlobalSection
	GlobalSection(SolutionProperties) = preSolution
		HideSolutionNode = FALSE
	EndGlobalSection
	GlobalSection(ExtensibilityGlobals) = postSolution
		SolutionGuid = {0CFCE4D8-F49F-4496-8E11-D5A01C2101E8}
	EndGlobalSection
EndGlobal
